{
  "name": "coder-backend",
  "version": "1.0.0",
  "lockfileVersion": 2,
  "requires": true,
  "packages": {
    "": {
      "name": "coder-backend",
      "version": "1.0.0",
      "license": "ISC",
      "dependencies": {
        "fs": "^0.0.1-security",
        "web-vitals": "^1.1.2"
      },
      "devDependencies": {
        "node": "^17.1.0"
      }
    },
    "node_modules/fs": {
      "version": "0.0.1-security",
      "resolved": "https://registry.npmjs.org/fs/-/fs-0.0.1-security.tgz",
      "integrity": "sha1-invTcYa23d84E/I4WLV+yq9eQdQ="
    },
    "node_modules/node": {
      "version": "17.1.0",
      "resolved": "https://registry.npmjs.org/node/-/node-17.1.0.tgz",
      "integrity": "sha512-1gg810R7sKtFkCYMdIhOyYDCuRJZyLvP+lTX8Z9AMAiUdHPoeNu0KQN59CzBud5L/vMtFPkbsCwWOy1aTYOL8g==",
      "dev": true,
      "hasInstallScript": true,
      "dependencies": {
        "node-bin-setup": "^1.0.0"
      },
      "bin": {
        "node": "bin/node"
      },
      "engines": {
        "npm": ">=5.0.0"
      }
    },
    "node_modules/node-bin-setup": {
      "version": "1.0.6",
      "resolved": "https://registry.npmjs.org/node-bin-setup/-/node-bin-setup-1.0.6.tgz",
      "integrity": "sha512-uPIxXNis1CRbv1DwqAxkgBk5NFV3s7cMN/Gf556jSw6jBvV7ca4F9lRL/8cALcZecRibeqU+5dFYqFFmzv5a0Q==",
      "dev": true
    },
    "node_modules/web-vitals": {
      "version": "1.1.2",
      "resolved": "https://registry.npmjs.org/web-vitals/-/web-vitals-1.1.2.tgz",
      "integrity": "sha512-PFMKIY+bRSXlMxVAQ+m2aw9c/ioUYfDgrYot0YUa+/xa0sakubWhSDyxAKwzymvXVdF4CZI71g06W+mqhzu6ig=="
    }
  },
  "dependencies": {
    "fs": {
      "version": "0.0.1-security",
      "resolved": "https://registry.npmjs.org/fs/-/fs-0.0.1-security.tgz",
      "integrity": "sha1-invTcYa23d84E/I4WLV+yq9eQdQ="
    },
    "node": {
      "version": "17.1.0",
      "resolved": "https://registry.npmjs.org/node/-/node-17.1.0.tgz",
      "integrity": "sha512-1gg810R7sKtFkCYMdIhOyYDCuRJZyLvP+lTX8Z9AMAiUdHPoeNu0KQN59CzBud5L/vMtFPkbsCwWOy1aTYOL8g==",
      "dev": true,
      "requires": {
        "node-bin-setup": "^1.0.0"
      }
    },
    "node-bin-setup": {
      "version": "1.0.6",
      "resolved": "https://registry.npmjs.org/node-bin-setup/-/node-bin-setup-1.0.6.tgz",
      "integrity": "sha512-uPIxXNis1CRbv1DwqAxkgBk5NFV3s7cMN/Gf556jSw6jBvV7ca4F9lRL/8cALcZecRibeqU+5dFYqFFmzv5a0Q==",
      "dev": true
    },
    "web-vitals": {
      "version": "1.1.2",
      "resolved": "https://registry.npmjs.org/web-vitals/-/web-vitals-1.1.2.tgz",
      "integrity": "sha512-PFMKIY+bRSXlMxVAQ+m2aw9c/ioUYfDgrYot0YUa+/xa0sakubWhSDyxAKwzymvXVdF4CZI71g06W+mqhzu6ig=="
    }
  }
}
